PODS:
  - GitHubRelease (0.5.4)
  - STPrivilegedTask (1.0.7)

DEPENDENCIES:
  - GitHubRelease (from `https://github.com/MarLoe/GitHub.Release`)
  - STPrivilegedTask (from `https://github.com/sveinbjornt/STPrivilegedTask`)

EXTERNAL SOURCES:
  GitHubRelease:
    :git: https://github.com/MarLoe/GitHub.Release
  STPrivilegedTask:
    :git: https://github.com/sveinbjornt/STPrivilegedTask

CHECKOUT OPTIONS:
  GitHubRelease:
    :commit: 2cd9d7fe0957dfaa81b576e4648bb0383fb0e6a1
    :git: https://github.com/MarLoe/GitHub.Release
  STPrivilegedTask:
    :commit: 21e005bd51818e9cc8de6da248a6d1794ca8254e
    :git: https://github.com/sveinbjornt/STPrivilegedTask

SPEC CHECKSUMS:
  GitHubRelease: 97068305c99f5870c4f77a7c35c7d7527207a9ec
  STPrivilegedTask: 56c3397238a1ec07720fb877a044898373cd2c68

PODFILE CHECKSUM: 8f411986837afbc4a4489d15aab0fcb20ee0de8f

COCOAPODS: 1.6.1
