PODS:
  - GitHubRelease (0.5.3)

DEPENDENCIES:
  - GitHubRelease (from `https://github.com/MarLoe/GitHub.Release`)

EXTERNAL SOURCES:
  GitHubRelease:
    :git: https://github.com/MarLoe/GitHub.Release

CHECKOUT OPTIONS:
  GitHubRelease:
    :commit: a1d85949c9376f77baa8977947d2bfedb4c04e28
    :git: https://github.com/MarLoe/GitHub.Release

SPEC CHECKSUMS:
  GitHubRelease: b8ff520022db9b578682fcf29f13312ee20046fc

PODFILE CHECKSUM: 64be4b10b27980c4bd3e2322c465f2fe9ef9ee9e

COCOAPODS: 1.5.3
